github.com/chengcxy/gotools v0.0.0-20210710105516-4c2939cd0020 h1:uY2FMbD9cWrLtyeNjdGGO4C5KTGG1DU1aRgbsaxMopY=
github.com/chengcxy/gotools v0.0.0-20210710105516-4c2939cd0020/go.mod h1:AxDPVVIQtl2xG6eZUBOWlyF6pjpExYI2eEDjJ0KE0B0=
github.com/go-sql-driver/mysql v1.5.0/go.mod h1:DCzpHaOWr8IXmIStZouvnhqoel9Qv2LBy8hT2VhHyBg=
