github.com/chengcxy/gotools v0.0.0-20210812154754-1d1a24cdd325 h1:GjN+elyymqu0rWer7ktlOJFQE7qMSDiGN+VC+MVwaQM=
github.com/chengcxy/gotools v0.0.0-20210812154754-1d1a24cdd325/go.mod h1:AxDPVVIQtl2xG6eZUBOWlyF6pjpExYI2eEDjJ0KE0B0=
github.com/go-sql-driver/mysql v1.6.0/go.mod h1:DCzpHaOWr8IXmIStZouvnhqoel9Qv2LBy8hT2VhHyBg=
